{
  "requires": true,
  "lockfileVersion": 1,
  "dependencies": {
    "ef": {
      "version": "0.0.3",
      "resolved": "https://registry.npmjs.org/ef/-/ef-0.0.3.tgz",
      "integrity": "sha1-NmZ2bsk/t+iD0feaG2Jo34ykqP4=",
      "requires": {
        "fn-arity": "0.0.1"
      }
    },
    "fn-arity": {
      "version": "0.0.1",
      "resolved": "https://registry.npmjs.org/fn-arity/-/fn-arity-0.0.1.tgz",
      "integrity": "sha1-P7RM8j3mAoLBdxqlKDcTvE2HO+U="
    }
  }
}
